
Microsoft Visual Studio Solution File, Format Version 12.00
# Visual Studio 15
VisualStudioVersion = 15.0.26124.0
MinimumVisualStudioVersion = 15.0.26124.0
Project("{FAE04EC0-301F-11D3-BF4B-00C04F79EFBC}") = "TestCommon", "..\TestCommon\TestCommon.csproj", "{06ECB5D0-E31F-47F0-8CEA-F89C6B10C8C0}"
EndProject
Project("{FAE04EC0-301F-11D3-BF4B-00C04F79EFBC}") = "A2", "A2\A2.csproj", "{36A1C362-23AE-498D-8EC7-9C6C22BAEC97}"
EndProject
Project("{FAE04EC0-301F-11D3-BF4B-00C04F79EFBC}") = "A2.Tests", "A2.Tests\A2.Tests.csproj", "{9CF19881-793A-447A-8564-C9BABFFD39EC}"
EndProject
Global
	GlobalSection(SolutionConfigurationPlatforms) = preSolution
		Debug|Any CPU = Debug|Any CPU
		Debug|x64 = Debug|x64
		Debug|x86 = Debug|x86
		Release|Any CPU = Release|Any CPU
		Release|x64 = Release|x64
		Release|x86 = Release|x86
	EndGlobalSection
	GlobalSection(SolutionProperties) = preSolution
		HideSolutionNode = FALSE
	EndGlobalSection
	GlobalSection(ProjectConfigurationPlatforms) = postSolution
		{06ECB5D0-E31F-47F0-8CEA-F89C6B10C8C0}.Debug|Any CPU.ActiveCfg = Debug|Any CPU
		{06ECB5D0-E31F-47F0-8CEA-F89C6B10C8C0}.Debug|Any CPU.Build.0 = Debug|Any CPU
		{06ECB5D0-E31F-47F0-8CEA-F89C6B10C8C0}.Debug|x64.ActiveCfg = Debug|Any CPU
		{06ECB5D0-E31F-47F0-8CEA-F89C6B10C8C0}.Debug|x64.Build.0 = Debug|Any CPU
		{06ECB5D0-E31F-47F0-8CEA-F89C6B10C8C0}.Debug|x86.ActiveCfg = Debug|Any CPU
		{06ECB5D0-E31F-47F0-8CEA-F89C6B10C8C0}.Debug|x86.Build.0 = Debug|Any CPU
		{06ECB5D0-E31F-47F0-8CEA-F89C6B10C8C0}.Release|Any CPU.ActiveCfg = Release|Any CPU
		{06ECB5D0-E31F-47F0-8CEA-F89C6B10C8C0}.Release|Any CPU.Build.0 = Release|Any CPU
		{06ECB5D0-E31F-47F0-8CEA-F89C6B10C8C0}.Release|x64.ActiveCfg = Release|Any CPU
		{06ECB5D0-E31F-47F0-8CEA-F89C6B10C8C0}.Release|x64.Build.0 = Release|Any CPU
		{06ECB5D0-E31F-47F0-8CEA-F89C6B10C8C0}.Release|x86.ActiveCfg = Release|Any CPU
		{06ECB5D0-E31F-47F0-8CEA-F89C6B10C8C0}.Release|x86.Build.0 = Release|Any CPU
		{36A1C362-23AE-498D-8EC7-9C6C22BAEC97}.Debug|Any CPU.ActiveCfg = Debug|Any CPU
		{36A1C362-23AE-498D-8EC7-9C6C22BAEC97}.Debug|Any CPU.Build.0 = Debug|Any CPU
		{36A1C362-23AE-498D-8EC7-9C6C22BAEC97}.Debug|x64.ActiveCfg = Debug|Any CPU
		{36A1C362-23AE-498D-8EC7-9C6C22BAEC97}.Debug|x64.Build.0 = Debug|Any CPU
		{36A1C362-23AE-498D-8EC7-9C6C22BAEC97}.Debug|x86.ActiveCfg = Debug|Any CPU
		{36A1C362-23AE-498D-8EC7-9C6C22BAEC97}.Debug|x86.Build.0 = Debug|Any CPU
		{36A1C362-23AE-498D-8EC7-9C6C22BAEC97}.Release|Any CPU.ActiveCfg = Release|Any CPU
		{36A1C362-23AE-498D-8EC7-9C6C22BAEC97}.Release|Any CPU.Build.0 = Release|Any CPU
		{36A1C362-23AE-498D-8EC7-9C6C22BAEC97}.Release|x64.ActiveCfg = Release|Any CPU
		{36A1C362-23AE-498D-8EC7-9C6C22BAEC97}.Release|x64.Build.0 = Release|Any CPU
		{36A1C362-23AE-498D-8EC7-9C6C22BAEC97}.Release|x86.ActiveCfg = Release|Any CPU
		{36A1C362-23AE-498D-8EC7-9C6C22BAEC97}.Release|x86.Build.0 = Release|Any CPU
		{9CF19881-793A-447A-8564-C9BABFFD39EC}.Debug|Any CPU.ActiveCfg = Debug|Any CPU
		{9CF19881-793A-447A-8564-C9BABFFD39EC}.Debug|Any CPU.Build.0 = Debug|Any CPU
		{9CF19881-793A-447A-8564-C9BABFFD39EC}.Debug|x64.ActiveCfg = Debug|Any CPU
		{9CF19881-793A-447A-8564-C9BABFFD39EC}.Debug|x64.Build.0 = Debug|Any CPU
		{9CF19881-793A-447A-8564-C9BABFFD39EC}.Debug|x86.ActiveCfg = Debug|Any CPU
		{9CF19881-793A-447A-8564-C9BABFFD39EC}.Debug|x86.Build.0 = Debug|Any CPU
		{9CF19881-793A-447A-8564-C9BABFFD39EC}.Release|Any CPU.ActiveCfg = Release|Any CPU
		{9CF19881-793A-447A-8564-C9BABFFD39EC}.Release|Any CPU.Build.0 = Release|Any CPU
		{9CF19881-793A-447A-8564-C9BABFFD39EC}.Release|x64.ActiveCfg = Release|Any CPU
		{9CF19881-793A-447A-8564-C9BABFFD39EC}.Release|x64.Build.0 = Release|Any CPU
		{9CF19881-793A-447A-8564-C9BABFFD39EC}.Release|x86.ActiveCfg = Release|Any CPU
		{9CF19881-793A-447A-8564-C9BABFFD39EC}.Release|x86.Build.0 = Release|Any CPU
	EndGlobalSection
EndGlobal
