
Microsoft Visual Studio Solution File, Format Version 12.00
# Visual Studio 15
VisualStudioVersion = 15.0.26124.0
MinimumVisualStudioVersion = 15.0.26124.0
Project("{FAE04EC0-301F-11D3-BF4B-00C04F79EFBC}") = "TestCommon", "..\TestCommon\TestCommon.csproj", "{C5E5A55E-DDB8-4342-AFBF-BD2DA3B3C7E7}"
EndProject
Project("{FAE04EC0-301F-11D3-BF4B-00C04F79EFBC}") = "A5", "A5\A5.csproj", "{6A98CA8B-9D6E-401E-8BE9-33B6D65DF010}"
EndProject
Project("{FAE04EC0-301F-11D3-BF4B-00C04F79EFBC}") = "A5.Tests", "A5.Tests\A5.Tests.csproj", "{0B38BA81-B08F-444B-AF5F-DD98911E59A9}"
EndProject
Global
	GlobalSection(SolutionConfigurationPlatforms) = preSolution
		Debug|Any CPU = Debug|Any CPU
		Debug|x64 = Debug|x64
		Debug|x86 = Debug|x86
		Release|Any CPU = Release|Any CPU
		Release|x64 = Release|x64
		Release|x86 = Release|x86
	EndGlobalSection
	GlobalSection(SolutionProperties) = preSolution
		HideSolutionNode = FALSE
	EndGlobalSection
	GlobalSection(ProjectConfigurationPlatforms) = postSolution
		{C5E5A55E-DDB8-4342-AFBF-BD2DA3B3C7E7}.Debug|Any CPU.ActiveCfg = Debug|Any CPU
		{C5E5A55E-DDB8-4342-AFBF-BD2DA3B3C7E7}.Debug|Any CPU.Build.0 = Debug|Any CPU
		{C5E5A55E-DDB8-4342-AFBF-BD2DA3B3C7E7}.Debug|x64.ActiveCfg = Debug|Any CPU
		{C5E5A55E-DDB8-4342-AFBF-BD2DA3B3C7E7}.Debug|x64.Build.0 = Debug|Any CPU
		{C5E5A55E-DDB8-4342-AFBF-BD2DA3B3C7E7}.Debug|x86.ActiveCfg = Debug|Any CPU
		{C5E5A55E-DDB8-4342-AFBF-BD2DA3B3C7E7}.Debug|x86.Build.0 = Debug|Any CPU
		{C5E5A55E-DDB8-4342-AFBF-BD2DA3B3C7E7}.Release|Any CPU.ActiveCfg = Release|Any CPU
		{C5E5A55E-DDB8-4342-AFBF-BD2DA3B3C7E7}.Release|Any CPU.Build.0 = Release|Any CPU
		{C5E5A55E-DDB8-4342-AFBF-BD2DA3B3C7E7}.Release|x64.ActiveCfg = Release|Any CPU
		{C5E5A55E-DDB8-4342-AFBF-BD2DA3B3C7E7}.Release|x64.Build.0 = Release|Any CPU
		{C5E5A55E-DDB8-4342-AFBF-BD2DA3B3C7E7}.Release|x86.ActiveCfg = Release|Any CPU
		{C5E5A55E-DDB8-4342-AFBF-BD2DA3B3C7E7}.Release|x86.Build.0 = Release|Any CPU
		{6A98CA8B-9D6E-401E-8BE9-33B6D65DF010}.Debug|Any CPU.ActiveCfg = Debug|Any CPU
		{6A98CA8B-9D6E-401E-8BE9-33B6D65DF010}.Debug|Any CPU.Build.0 = Debug|Any CPU
		{6A98CA8B-9D6E-401E-8BE9-33B6D65DF010}.Debug|x64.ActiveCfg = Debug|Any CPU
		{6A98CA8B-9D6E-401E-8BE9-33B6D65DF010}.Debug|x64.Build.0 = Debug|Any CPU
		{6A98CA8B-9D6E-401E-8BE9-33B6D65DF010}.Debug|x86.ActiveCfg = Debug|Any CPU
		{6A98CA8B-9D6E-401E-8BE9-33B6D65DF010}.Debug|x86.Build.0 = Debug|Any CPU
		{6A98CA8B-9D6E-401E-8BE9-33B6D65DF010}.Release|Any CPU.ActiveCfg = Release|Any CPU
		{6A98CA8B-9D6E-401E-8BE9-33B6D65DF010}.Release|Any CPU.Build.0 = Release|Any CPU
		{6A98CA8B-9D6E-401E-8BE9-33B6D65DF010}.Release|x64.ActiveCfg = Release|Any CPU
		{6A98CA8B-9D6E-401E-8BE9-33B6D65DF010}.Release|x64.Build.0 = Release|Any CPU
		{6A98CA8B-9D6E-401E-8BE9-33B6D65DF010}.Release|x86.ActiveCfg = Release|Any CPU
		{6A98CA8B-9D6E-401E-8BE9-33B6D65DF010}.Release|x86.Build.0 = Release|Any CPU
		{0B38BA81-B08F-444B-AF5F-DD98911E59A9}.Debug|Any CPU.ActiveCfg = Debug|Any CPU
		{0B38BA81-B08F-444B-AF5F-DD98911E59A9}.Debug|Any CPU.Build.0 = Debug|Any CPU
		{0B38BA81-B08F-444B-AF5F-DD98911E59A9}.Debug|x64.ActiveCfg = Debug|Any CPU
		{0B38BA81-B08F-444B-AF5F-DD98911E59A9}.Debug|x64.Build.0 = Debug|Any CPU
		{0B38BA81-B08F-444B-AF5F-DD98911E59A9}.Debug|x86.ActiveCfg = Debug|Any CPU
		{0B38BA81-B08F-444B-AF5F-DD98911E59A9}.Debug|x86.Build.0 = Debug|Any CPU
		{0B38BA81-B08F-444B-AF5F-DD98911E59A9}.Release|Any CPU.ActiveCfg = Release|Any CPU
		{0B38BA81-B08F-444B-AF5F-DD98911E59A9}.Release|Any CPU.Build.0 = Release|Any CPU
		{0B38BA81-B08F-444B-AF5F-DD98911E59A9}.Release|x64.ActiveCfg = Release|Any CPU
		{0B38BA81-B08F-444B-AF5F-DD98911E59A9}.Release|x64.Build.0 = Release|Any CPU
		{0B38BA81-B08F-444B-AF5F-DD98911E59A9}.Release|x86.ActiveCfg = Release|Any CPU
		{0B38BA81-B08F-444B-AF5F-DD98911E59A9}.Release|x86.Build.0 = Release|Any CPU
	EndGlobalSection
EndGlobal
